// !$*UTF8*$!
{
	archiveVersion = 1;
	classes = {
	};
	objectVersion = 50;
	objects = {

/* Begin PBXBuildFile section */
		BD4825BB2370927F00FC12E9 /* AppDelegate.m in Sources */ = {isa = PBXBuildFile; fileRef = BD4825BA2370927F00FC12E9 /* AppDelegate.m */; };
		BD4825BE2370927F00FC12E9 /* SceneDelegate.m in Sources */ = {isa = PBXBuildFile; fileRef = BD4825BD2370927F00FC12E9 /* SceneDelegate.m */; };
		BD4825C12370927F00FC12E9 /* ViewController.m in Sources */ = {isa = PBXBuildFile; fileRef = BD4825C02370927F00FC12E9 /* ViewController.m */; };
		BD4825C42370927F00FC12E9 /* Main.storyboard in Resources */ = {isa = PBXBuildFile; fileRef = BD4825C22370927F00FC12E9 /* Main.storyboard */; };
		BD4825C62370928100FC12E9 /* Assets.xcassets in Resources */ = {isa = PBXBuildFile; fileRef = BD4825C52370928100FC12E9 /* Assets.xcassets */; };
		BD4825C92370928100FC12E9 /* LaunchScreen.storyboard in Resources */ = {isa = PBXBuildFile; fileRef = BD4825C72370928100FC12E9 /* LaunchScreen.storyboard */; };
		BD4825CC2370928100FC12E9 /* main.m in Sources */ = {isa = PBXBuildFile; fileRef = BD4825CB2370928100FC12E9 /* main.m */; };
/* End PBXBuildFile section */

/* Begin PBXFileReference section */
		BD4825B62370927F00FC12E9 /* iOS9-macOS-Versions-Objc.app */ = {isa = PBXFileReference; explicitFileType = wrapper.application; includeInIndex = 0; path = "iOS9-macOS-Versions-Objc.app"; sourceTree = BUILT_PRODUCTS_DIR; };
		BD4825B92370927F00FC12E9 /* AppDelegate.h */ = {isa = PBXFileReference; lastKnownFileType = sourcecode.c.h; path = AppDelegate.h; sourceTree = "<group>"; };
		BD4825BA2370927F00FC12E9 /* AppDelegate.m */ = {isa = PBXFileReference; lastKnownFileType = sourcecode.c.objc; path = AppDelegate.m; sourceTree = "<group>"; };
		BD4825BC2370927F00FC12E9 /* SceneDelegate.h */ = {isa = PBXFileReference; lastKnownFileType = sourcecode.c.h; path = SceneDelegate.h; sourceTree = "<group>"; };
		BD4825BD2370927F00FC12E9 /* SceneDelegate.m */ = {isa = PBXFileReference; lastKnownFileType = sourcecode.c.objc; path = SceneDelegate.m; sourceTree = "<group>"; };
		BD4825BF2370927F00FC12E9 /* ViewController.h */ = {isa = PBXFileReference; lastKnownFileType = sourcecode.c.h; path = ViewController.h; sourceTree = "<group>"; };
		BD4825C02370927F00FC12E9 /* ViewController.m */ = {isa = PBXFileReference; lastKnownFileType = sourcecode.c.objc; path = ViewController.m; sourceTree = "<group>"; };
		BD4825C32370927F00FC12E9 /* Base */ = {isa = PBXFileReference; lastKnownFileType = file.storyboard; name = Base; path = Base.lproj/Main.storyboard; sourceTree = "<group>"; };
		BD4825C52370928100FC12E9 /* Assets.xcassets */ = {isa = PBXFileReference; lastKnownFileType = folder.assetcatalog; path = Assets.xcassets; sourceTree = "<group>"; };
		BD4825C82370928100FC12E9 /* Base */ = {isa = PBXFileReference; lastKnownFileType = file.storyboard; name = Base; path = Base.lproj/LaunchScreen.storyboard; sourceTree = "<group>"; };
		BD4825CA2370928100FC12E9 /* Info.plist */ = {isa = PBXFileReference; lastKnownFileType = text.plist.xml; path = Info.plist; sourceTree = "<group>"; };
		BD4825CB2370928100FC12E9 /* main.m */ = {isa = PBXFileReference; lastKnownFileType = sourcecode.c.objc; path = main.m; sourceTree = "<group>"; };
/* End PBXFileReference section */

/* Begin PBXFrameworksBuildPhase section */
		BD4825B32370927F00FC12E9 /* Frameworks */ = {
			isa = PBXFrameworksBuildPhase;
			buildActionMask = 2147483647;
			files = (
			);
			runOnlyForDeploymentPostprocessing = 0;
		};
/* End PBXFrameworksBuildPhase section */

/* Begin PBXGroup section */
		BD4825AD2370927F00FC12E9 = {
			isa = PBXGroup;
			children = (
				BD4825B82370927F00FC12E9 /* iOS9-macOS-Versions-Objc */,
				BD4825B72370927F00FC12E9 /* Products */,
			);
			sourceTree = "<group>";
		};
		BD4825B72370927F00FC12E9 /* Products */ = {
			isa = PBXGroup;
			children = (
				BD4825B62370927F00FC12E9 /* iOS9-macOS-Versions-Objc.app */,
			);
			name = Products;
			sourceTree = "<group>";
		};
		BD4825B82370927F00FC12E9 /* iOS9-macOS-Versions-Objc */ = {
			isa = PBXGroup;
			children = (
				BD4825B92370927F00FC12E9 /* AppDelegate.h */,
				BD4825BA2370927F00FC12E9 /* AppDelegate.m */,
				BD4825BC2370927F00FC12E9 /* SceneDelegate.h */,
				BD4825BD2370927F00FC12E9 /* SceneDelegate.m */,
				BD4825BF2370927F00FC12E9 /* ViewController.h */,
				BD4825C02370927F00FC12E9 /* ViewController.m */,
				BD4825C22370927F00FC12E9 /* Main.storyboard */,
				BD4825C52370928100FC12E9 /* Assets.xcassets */,
				BD4825C72370928100FC12E9 /* LaunchScreen.storyboard */,
				BD4825CA2370928100FC12E9 /* Info.plist */,
				BD4825CB2370928100FC12E9 /* main.m */,
			);
			path = "iOS9-macOS-Versions-Objc";
			sourceTree = "<group>";
		};
/* End PBXGroup section */

/* Begin PBXNativeTarget section */
		BD4825B52370927F00FC12E9 /* iOS9-macOS-Versions-Objc */ = {
			isa = PBXNativeTarget;
			buildConfigurationList = BD4825CF2370928100FC12E9 /* Build configuration list for PBXNativeTarget "iOS9-macOS-Versions-Objc" */;
			buildPhases = (
				BD4825B22370927F00FC12E9 /* Sources */,
				BD4825B32370927F00FC12E9 /* Frameworks */,
				BD4825B42370927F00FC12E9 /* Resources */,
			);
			buildRules = (
			);
			dependencies = (
			);
			name = "iOS9-macOS-Versions-Objc";
			productName = "iOS9-macOS-Versions-Objc";
			productReference = BD4825B62370927F00FC12E9 /* iOS9-macOS-Versions-Objc.app */;
			productType = "com.apple.product-type.application";
		};
/* End PBXNativeTarget section */

/* Begin PBXProject section */
		BD4825AE2370927F00FC12E9 /* Project object */ = {
			isa = PBXProject;
			attributes = {
				LastUpgradeCheck = 1110;
				ORGANIZATIONNAME = "Lambda, Inc";
				TargetAttributes = {
					BD4825B52370927F00FC12E9 = {
						CreatedOnToolsVersion = 11.1;
					};
				};
			};
			buildConfigurationList = BD4825B12370927F00FC12E9 /* Build configuration list for PBXProject "iOS9-macOS-Versions-Objc" */;
			compatibilityVersion = "Xcode 9.3";
			developmentRegion = en;
			hasScannedForEncodings = 0;
			knownRegions = (
				en,
				Base,
			);
			mainGroup = BD4825AD2370927F00FC12E9;
			productRefGroup = BD4825B72370927F00FC12E9 /* Products */;
			projectDirPath = "";
			projectRoot = "";
			targets = (
				BD4825B52370927F00FC12E9 /* iOS9-macOS-Versions-Objc */,
			);
		};
/* End PBXProject section */

/* Begin PBXResourcesBuildPhase section */
		BD4825B42370927F00FC12E9 /* Resources */ = {
			isa = PBXResourcesBuildPhase;
			buildActionMask = 2147483647;
			files = (
				BD4825C92370928100FC12E9 /* LaunchScreen.storyboard in Resources */,
				BD4825C62370928100FC12E9 /* Assets.xcassets in Resources */,
				BD4825C42370927F00FC12E9 /* Main.storyboard in Resources */,
			);
			runOnlyForDeploymentPostprocessing = 0;
		};
/* End PBXResourcesBuildPhase section */

/* Begin PBXSourcesBuildPhase section */
		BD4825B22370927F00FC12E9 /* Sources */ = {
			isa = PBXSourcesBuildPhase;
			buildActionMask = 2147483647;
			files = (
				BD4825C12370927F00FC12E9 /* ViewController.m in Sources */,
				BD4825BB2370927F00FC12E9 /* AppDelegate.m in Sources */,
				BD4825CC2370928100FC12E9 /* main.m in Sources */,
				BD4825BE2370927F00FC12E9 /* SceneDelegate.m in Sources */,
			);
			runOnlyForDeploymentPostprocessing = 0;
		};
/* End PBXSourcesBuildPhase section */

/* Begin PBXVariantGroup section */
		BD4825C22370927F00FC12E9 /* Main.storyboard */ = {
			isa = PBXVariantGroup;
			children = (
				BD4825C32370927F00FC12E9 /* Base */,
			);
			name = Main.storyboard;
			sourceTree = "<group>";
		};
		BD4825C72370928100FC12E9 /* LaunchScreen.storyboard */ = {
			isa = PBXVariantGroup;
			children = (
				BD4825C82370928100FC12E9 /* Base */,
			);
			name = LaunchScreen.storyboard;
			sourceTree = "<group>";
		};
/* End PBXVariantGroup section */

/* Begin XCBuildConfiguration section */
		BD4825CD2370928100FC12E9 /* Debug */ = {
			isa = XCBuildConfiguration;
			buildSettings = {
				ALWAYS_SEARCH_USER_PATHS = NO;
				CLANG_ANALYZER_NONNULL = YES;
				CLANG_ANALYZER_NUMBER_OBJECT_CONVERSION = YES_AGGRESSIVE;
				CLANG_CXX_LANGUAGE_STANDARD = "gnu++14";
				CLANG_CXX_LIBRARY = "libc++";
				CLANG_ENABLE_MODULES = YES;
				CLANG_ENABLE_OBJC_ARC = YES;
				CLANG_ENABLE_OBJC_WEAK = YES;
				CLANG_WARN_BLOCK_CAPTURE_AUTORELEASING = YES;
				CLANG_WARN_BOOL_CONVERSION = YES;
				CLANG_WARN_COMMA = YES;
				CLANG_WARN_CONSTANT_CONVERSION = YES;
				CLANG_WARN_DEPRECATED_OBJC_IMPLEMENTATIONS = YES;
				CLANG_WARN_DIRECT_OBJC_ISA_USAGE = YES_ERROR;
				CLANG_WARN_DOCUMENTATION_COMMENTS = YES;
				CLANG_WARN_EMPTY_BODY = YES;
				CLANG_WARN_ENUM_CONVERSION = YES;
				CLANG_WARN_INFINITE_RECURSION = YES;
				CLANG_WARN_INT_CONVERSION = YES;
				CLANG_WARN_NON_LITERAL_NULL_CONVERSION = YES;
				CLANG_WARN_OBJC_IMPLICIT_RETAIN_SELF = YES;
				CLANG_WARN_OBJC_LITERAL_CONVERSION = YES;
				CLANG_WARN_OBJC_ROOT_CLASS = YES_ERROR;
				CLANG_WARN_RANGE_LOOP_ANALYSIS = YES;
				CLANG_WARN_STRICT_PROTOTYPES = YES;
				CLANG_WARN_SUSPICIOUS_MOVE = YES;
				CLANG_WARN_UNGUARDED_AVAILABILITY = YES_AGGRESSIVE;
				CLANG_WARN_UNREACHABLE_CODE = YES;
				CLANG_WARN__DUPLICATE_METHOD_MATCH = YES;
				COPY_PHASE_STRIP = NO;
				DEBUG_INFORMATION_FORMAT = dwarf;
				ENABLE_STRICT_OBJC_MSGSEND = YES;
				ENABLE_TESTABILITY = YES;
				GCC_C_LANGUAGE_STANDARD = gnu11;
				GCC_DYNAMIC_NO_PIC = NO;
				GCC_NO_COMMON_BLOCKS = YES;
				GCC_OPTIMIZATION_LEVEL = 0;
				GCC_PREPROCESSOR_DEFINITIONS = (
					"DEBUG=1",
					"$(inherited)",
				);
				GCC_WARN_64_TO_32_BIT_CONVERSION = YES;
				GCC_WARN_ABOUT_RETURN_TYPE = YES_ERROR;
				GCC_WARN_UNDECLARED_SELECTOR = YES;
				GCC_WARN_UNINITIALIZED_AUTOS = YES_AGGRESSIVE;
				GCC_WARN_UNUSED_FUNCTION = YES;
				GCC_WARN_UNUSED_VARIABLE = YES;
				IPHONEOS_DEPLOYMENT_TARGET = 13.1;
				MTL_ENABLE_DEBUG_INFO = INCLUDE_SOURCE;
				MTL_FAST_MATH = YES;
				ONLY_ACTIVE_ARCH = YES;
				SDKROOT = iphoneos;
			};
			name = Debug;
		};
		BD4825CE2370928100FC12E9 /* Release */ = {
			isa = XCBuildConfiguration;
			buildSettings = {
				ALWAYS_SEARCH_USER_PATHS = NO;
				CLANG_ANALYZER_NONNULL = YES;
				CLANG_ANALYZER_NUMBER_OBJECT_CONVERSION = YES_AGGRESSIVE;
				CLANG_CXX_LANGUAGE_STANDARD = "gnu++14";
				CLANG_CXX_LIBRARY = "libc++";
				CLANG_ENABLE_MODULES = YES;
				CLANG_ENABLE_OBJC_ARC = YES;
				CLANG_ENABLE_OBJC_WEAK = YES;
				CLANG_WARN_BLOCK_CAPTURE_AUTORELEASING = YES;
				CLANG_WARN_BOOL_CONVERSION = YES;
				CLANG_WARN_COMMA = YES;
				CLANG_WARN_CONSTANT_CONVERSION = YES;
				CLANG_WARN_DEPRECATED_OBJC_IMPLEMENTATIONS = YES;
				CLANG_WARN_DIRECT_OBJC_ISA_USAGE = YES_ERROR;
				CLANG_WARN_DOCUMENTATION_COMMENTS = YES;
				CLANG_WARN_EMPTY_BODY = YES;
				CLANG_WARN_ENUM_CONVERSION = YES;
				CLANG_WARN_INFINITE_RECURSION = YES;
				CLANG_WARN_INT_CONVERSION = YES;
				CLANG_WARN_NON_LITERAL_NULL_CONVERSION = YES;
				CLANG_WARN_OBJC_IMPLICIT_RETAIN_SELF = YES;
				CLANG_WARN_OBJC_LITERAL_CONVERSION = YES;
				CLANG_WARN_OBJC_ROOT_CLASS = YES_ERROR;
				CLANG_WARN_RANGE_LOOP_ANALYSIS = YES;
				CLANG_WARN_STRICT_PROTOTYPES = YES;
				CLANG_WARN_SUSPICIOUS_MOVE = YES;
				CLANG_WARN_UNGUARDED_AVAILABILITY = YES_AGGRESSIVE;
				CLANG_WARN_UNREACHABLE_CODE = YES;
				CLANG_WARN__DUPLICATE_METHOD_MATCH = YES;
				COPY_PHASE_STRIP = NO;
				DEBUG_INFORMATION_FORMAT = "dwarf-with-dsym";
				ENABLE_NS_ASSERTIONS = NO;
				ENABLE_STRICT_OBJC_MSGSEND = YES;
				GCC_C_LANGUAGE_STANDARD = gnu11;
				GCC_NO_COMMON_BLOCKS = YES;
				GCC_WARN_64_TO_32_BIT_CONVERSION = YES;
				GCC_WARN_ABOUT_RETURN_TYPE = YES_ERROR;
				GCC_WARN_UNDECLARED_SELECTOR = YES;
				GCC_WARN_UNINITIALIZED_AUTOS = YES_AGGRESSIVE;
				GCC_WARN_UNUSED_FUNCTION = YES;
				GCC_WARN_UNUSED_VARIABLE = YES;
				IPHONEOS_DEPLOYMENT_TARGET = 13.1;
				MTL_ENABLE_DEBUG_INFO = NO;
				MTL_FAST_MATH = YES;
				SDKROOT = iphoneos;
				VALIDATE_PRODUCT = YES;
			};
			name = Release;
		};
		BD4825D02370928100FC12E9 /* Debug */ = {
			isa = XCBuildConfiguration;
			buildSettings = {
				ASSETCATALOG_COMPILER_APPICON_NAME = AppIcon;
				CODE_SIGN_STYLE = Automatic;
				DEVELOPMENT_TEAM = VXUQXR6S56;
				INFOPLIST_FILE = "iOS9-macOS-Versions-Objc/Info.plist";
				LD_RUNPATH_SEARCH_PATHS = (
					"$(inherited)",
					"@executable_path/Frameworks",
				);
				PRODUCT_BUNDLE_IDENTIFIER = "com.lambdaschool.iOS9-macOS-Versions-Objc";
				PRODUCT_NAME = "$(TARGET_NAME)";
				TARGETED_DEVICE_FAMILY = "1,2";
			};
			name = Debug;
		};
		BD4825D12370928100FC12E9 /* Release */ = {
			isa = XCBuildConfiguration;
			buildSettings = {
				ASSETCATALOG_COMPILER_APPICON_NAME = AppIcon;
				CODE_SIGN_STYLE = Automatic;
				DEVELOPMENT_TEAM = VXUQXR6S56;
				INFOPLIST_FILE = "iOS9-macOS-Versions-Objc/Info.plist";
				LD_RUNPATH_SEARCH_PATHS = (
					"$(inherited)",
					"@executable_path/Frameworks",
				);
				PRODUCT_BUNDLE_IDENTIFIER = "com.lambdaschool.iOS9-macOS-Versions-Objc";
				PRODUCT_NAME = "$(TARGET_NAME)";
				TARGETED_DEVICE_FAMILY = "1,2";
			};
			name = Release;
		};
/* End XCBuildConfiguration section */

/* Begin XCConfigurationList section */
		BD4825B12370927F00FC12E9 /* Build configuration list for PBXProject "iOS9-macOS-Versions-Objc" */ = {
			isa = XCConfigurationList;
			buildConfigurations = (
				BD4825CD2370928100FC12E9 /* Debug */,
				BD4825CE2370928100FC12E9 /* Release */,
			);
			defaultConfigurationIsVisible = 0;
			defaultConfigurationName = Release;
		};
		BD4825CF2370928100FC12E9 /* Build configuration list for PBXNativeTarget "iOS9-macOS-Versions-Objc" */ = {
			isa = XCConfigurationList;
			buildConfigurations = (
				BD4825D02370928100FC12E9 /* Debug */,
				BD4825D12370928100FC12E9 /* Release */,
			);
			defaultConfigurationIsVisible = 0;
			defaultConfigurationName = Release;
		};
/* End XCConfigurationList section */
	};
	rootObject = BD4825AE2370927F00FC12E9 /* Project object */;
}
